
Microsoft Visual Studio Solution File, Format Version 12.00
# Visual Studio 2013
VisualStudioVersion = 12.0.21005.1
MinimumVisualStudioVersion = 10.0.40219.1
Project("{FAE04EC0-301F-11D3-BF4B-00C04F79EFBC}") = "BLL1", "BLL1\BLL1.csproj", "{C8DDDC01-27C8-4E41-B548-7C608E68F8FC}"
EndProject
Project("{FAE04EC0-301F-11D3-BF4B-00C04F79EFBC}") = "DAL1", "DAL1\DAL1.csproj", "{5B697186-73A6-423B-BA82-3FB6BECD97EC}"
EndProject
Project("{FAE04EC0-301F-11D3-BF4B-00C04F79EFBC}") = "Model", "Model\Model.csproj", "{88722F88-1313-4E5F-A7E0-82E77459DE9D}"
EndProject
Project("{FAE04EC0-301F-11D3-BF4B-00C04F79EFBC}") = "TrackingDataService", "TrackingDataService\TrackingDataService.csproj", "{F8B5C6E2-04FF-4417-BA23-6167B65F3504}"
EndProject
Global
	GlobalSection(SolutionConfigurationPlatforms) = preSolution
		Debug|Any CPU = Debug|Any CPU
		Release|Any CPU = Release|Any CPU
	EndGlobalSection
	GlobalSection(ProjectConfigurationPlatforms) = postSolution
		{C8DDDC01-27C8-4E41-B548-7C608E68F8FC}.Debug|Any CPU.ActiveCfg = Debug|Any CPU
		{C8DDDC01-27C8-4E41-B548-7C608E68F8FC}.Debug|Any CPU.Build.0 = Debug|Any CPU
		{C8DDDC01-27C8-4E41-B548-7C608E68F8FC}.Release|Any CPU.ActiveCfg = Release|Any CPU
		{C8DDDC01-27C8-4E41-B548-7C608E68F8FC}.Release|Any CPU.Build.0 = Release|Any CPU
		{5B697186-73A6-423B-BA82-3FB6BECD97EC}.Debug|Any CPU.ActiveCfg = Debug|Any CPU
		{5B697186-73A6-423B-BA82-3FB6BECD97EC}.Debug|Any CPU.Build.0 = Debug|Any CPU
		{5B697186-73A6-423B-BA82-3FB6BECD97EC}.Release|Any CPU.ActiveCfg = Release|Any CPU
		{5B697186-73A6-423B-BA82-3FB6BECD97EC}.Release|Any CPU.Build.0 = Release|Any CPU
		{88722F88-1313-4E5F-A7E0-82E77459DE9D}.Debug|Any CPU.ActiveCfg = Debug|Any CPU
		{88722F88-1313-4E5F-A7E0-82E77459DE9D}.Debug|Any CPU.Build.0 = Debug|Any CPU
		{88722F88-1313-4E5F-A7E0-82E77459DE9D}.Release|Any CPU.ActiveCfg = Release|Any CPU
		{88722F88-1313-4E5F-A7E0-82E77459DE9D}.Release|Any CPU.Build.0 = Release|Any CPU
		{F8B5C6E2-04FF-4417-BA23-6167B65F3504}.Debug|Any CPU.ActiveCfg = Debug|Any CPU
		{F8B5C6E2-04FF-4417-BA23-6167B65F3504}.Debug|Any CPU.Build.0 = Debug|Any CPU
		{F8B5C6E2-04FF-4417-BA23-6167B65F3504}.Release|Any CPU.ActiveCfg = Release|Any CPU
		{F8B5C6E2-04FF-4417-BA23-6167B65F3504}.Release|Any CPU.Build.0 = Release|Any CPU
	EndGlobalSection
	GlobalSection(SolutionProperties) = preSolution
		HideSolutionNode = FALSE
	EndGlobalSection
EndGlobal
